
Microsoft Visual Studio Solution File, Format Version 12.00
# Visual Studio Version 17
VisualStudioVersion = 17.4.33110.190
MinimumVisualStudioVersion = 10.0.40219.1
Project("{FAE04EC0-301F-11D3-BF4B-00C04F79EFBC}") = "3_1", "Module_3\3_1.csproj", "{D8680F13-4EB6-4C91-A7B1-B8A1DE3FDE09}"
EndProject
Project("{FAE04EC0-301F-11D3-BF4B-00C04F79EFBC}") = "3_2", "3_2\3_2.csproj", "{98A9E9F4-71A4-46DC-A870-D06C0E97101D}"
EndProject
Project("{FAE04EC0-301F-11D3-BF4B-00C04F79EFBC}") = "3_3", "3_3\3_3.csproj", "{3597D26B-3D7C-4D3A-A0B5-E15A39FE8CE9}"
EndProject
Global
	GlobalSection(SolutionConfigurationPlatforms) = preSolution
		Debug|Any CPU = Debug|Any CPU
		Release|Any CPU = Release|Any CPU
	EndGlobalSection
	GlobalSection(ProjectConfigurationPlatforms) = postSolution
		{D8680F13-4EB6-4C91-A7B1-B8A1DE3FDE09}.Debug|Any CPU.ActiveCfg = Debug|Any CPU
		{D8680F13-4EB6-4C91-A7B1-B8A1DE3FDE09}.Debug|Any CPU.Build.0 = Debug|Any CPU
		{D8680F13-4EB6-4C91-A7B1-B8A1DE3FDE09}.Release|Any CPU.ActiveCfg = Release|Any CPU
		{D8680F13-4EB6-4C91-A7B1-B8A1DE3FDE09}.Release|Any CPU.Build.0 = Release|Any CPU
		{98A9E9F4-71A4-46DC-A870-D06C0E97101D}.Debug|Any CPU.ActiveCfg = Debug|Any CPU
		{98A9E9F4-71A4-46DC-A870-D06C0E97101D}.Debug|Any CPU.Build.0 = Debug|Any CPU
		{98A9E9F4-71A4-46DC-A870-D06C0E97101D}.Release|Any CPU.ActiveCfg = Release|Any CPU
		{98A9E9F4-71A4-46DC-A870-D06C0E97101D}.Release|Any CPU.Build.0 = Release|Any CPU
		{3597D26B-3D7C-4D3A-A0B5-E15A39FE8CE9}.Debug|Any CPU.ActiveCfg = Debug|Any CPU
		{3597D26B-3D7C-4D3A-A0B5-E15A39FE8CE9}.Debug|Any CPU.Build.0 = Debug|Any CPU
		{3597D26B-3D7C-4D3A-A0B5-E15A39FE8CE9}.Release|Any CPU.ActiveCfg = Release|Any CPU
		{3597D26B-3D7C-4D3A-A0B5-E15A39FE8CE9}.Release|Any CPU.Build.0 = Release|Any CPU
	EndGlobalSection
	GlobalSection(SolutionProperties) = preSolution
		HideSolutionNode = FALSE
	EndGlobalSection
	GlobalSection(ExtensibilityGlobals) = postSolution
		SolutionGuid = {22B8B2FB-1F56-4694-A4A7-A5248518919D}
	EndGlobalSection
EndGlobal
